
Microsoft Visual Studio Solution File, Format Version 12.00
# Visual Studio Version 16
VisualStudioVersion = 16.0.31129.286
MinimumVisualStudioVersion = 10.0.40219.1
Project("{FAE04EC0-301F-11D3-BF4B-00C04F79EFBC}") = "5HomeworkITEA", "5HomeworkITEA\5HomeworkITEA.csproj", "{EF22AC65-7F67-453B-9BE9-0A9183152599}"
EndProject
Global
	GlobalSection(SolutionConfigurationPlatforms) = preSolution
		Debug|Any CPU = Debug|Any CPU
		Release|Any CPU = Release|Any CPU
	EndGlobalSection
	GlobalSection(ProjectConfigurationPlatforms) = postSolution
		{EF22AC65-7F67-453B-9BE9-0A9183152599}.Debug|Any CPU.ActiveCfg = Debug|Any CPU
		{EF22AC65-7F67-453B-9BE9-0A9183152599}.Debug|Any CPU.Build.0 = Debug|Any CPU
		{EF22AC65-7F67-453B-9BE9-0A9183152599}.Release|Any CPU.ActiveCfg = Release|Any CPU
		{EF22AC65-7F67-453B-9BE9-0A9183152599}.Release|Any CPU.Build.0 = Release|Any CPU
	EndGlobalSection
	GlobalSection(SolutionProperties) = preSolution
		HideSolutionNode = FALSE
	EndGlobalSection
	GlobalSection(ExtensibilityGlobals) = postSolution
		SolutionGuid = {76939D36-DAA3-4381-8A2C-4C6C5A938B14}
	EndGlobalSection
EndGlobal
