
Microsoft Visual Studio Solution File, Format Version 12.00
# Visual Studio Version 16
VisualStudioVersion = 16.0.31129.286
MinimumVisualStudioVersion = 10.0.40219.1
Project("{9A19103F-16F7-4668-BE54-9A1E7A4F7556}") = "3HomeworkITEA", "3HomeworkITEA\3HomeworkITEA.csproj", "{24433D3E-D173-4612-821E-1F543EE759AB}"
EndProject
Project("{FAE04EC0-301F-11D3-BF4B-00C04F79EFBC}") = "Stopwatch", "Stopwatch\Stopwatch.csproj", "{5868103B-EC58-430C-BD2B-F5186A136409}"
EndProject
Global
	GlobalSection(SolutionConfigurationPlatforms) = preSolution
		Debug|Any CPU = Debug|Any CPU
		Release|Any CPU = Release|Any CPU
	EndGlobalSection
	GlobalSection(ProjectConfigurationPlatforms) = postSolution
		{24433D3E-D173-4612-821E-1F543EE759AB}.Debug|Any CPU.ActiveCfg = Debug|Any CPU
		{24433D3E-D173-4612-821E-1F543EE759AB}.Debug|Any CPU.Build.0 = Debug|Any CPU
		{24433D3E-D173-4612-821E-1F543EE759AB}.Release|Any CPU.ActiveCfg = Release|Any CPU
		{24433D3E-D173-4612-821E-1F543EE759AB}.Release|Any CPU.Build.0 = Release|Any CPU
		{5868103B-EC58-430C-BD2B-F5186A136409}.Debug|Any CPU.ActiveCfg = Debug|Any CPU
		{5868103B-EC58-430C-BD2B-F5186A136409}.Debug|Any CPU.Build.0 = Debug|Any CPU
		{5868103B-EC58-430C-BD2B-F5186A136409}.Release|Any CPU.ActiveCfg = Release|Any CPU
		{5868103B-EC58-430C-BD2B-F5186A136409}.Release|Any CPU.Build.0 = Release|Any CPU
	EndGlobalSection
	GlobalSection(SolutionProperties) = preSolution
		HideSolutionNode = FALSE
	EndGlobalSection
	GlobalSection(ExtensibilityGlobals) = postSolution
		SolutionGuid = {651F33E5-7263-43B4-A0D2-AA5B5A9A7A05}
	EndGlobalSection
EndGlobal
